{
  "originHash" : "ecfed7c5374fee3473921a66b2b2c61c720edc14103f605fa5166e94c2d0d88e",
  "pins" : [
    {
      "identity" : "dotlottie-ios",
      "kind" : "remoteSourceControl",
      "location" : "https://github.com/LottieFiles/dotlottie-ios.git",
      "state" : {
        "revision" : "b8b3f900a16ad96bce9d3574fc0533a5bd533b74",
        "version" : "0.11.0"
      }
    },
    {
      "identity" : "grdb.swift",
      "kind" : "remoteSourceControl",
      "location" : "https://github.com/groue/GRDB.swift.git",
      "state" : {
        "revision" : "c5d02eac3241dd980fa42e5644afd2e7e3f63401",
        "version" : "7.7.0"
      }
    },
    {
      "identity" : "swinject",
      "kind" : "remoteSourceControl",
      "location" : "https://github.com/Swinject/Swinject.git",
      "state" : {
        "revision" : "b685b549fe4d8ae265fc7a2f27d0789720425d69",
        "version" : "2.10.0"
      }
    }
  ],
  "version" : 3
}
